
Microsoft Visual Studio Solution File, Format Version 12.00
# Visual Studio Version 17
VisualStudioVersion = 17.10.35013.160
MinimumVisualStudioVersion = 10.0.40219.1
Project("{FAE04EC0-301F-11D3-BF4B-00C04F79EFBC}") = "KTNCTest", "KTNCTest\KTNCTest.csproj", "{5932C550-DAB7-466C-9C03-4601F59B3509}"
EndProject
Project("{FAE04EC0-301F-11D3-BF4B-00C04F79EFBC}") = "KTNCTest.Tests", "KTNCTest.Tests\KTNCTest.Tests.csproj", "{67D47D9E-9002-4894-85F2-C7FCEDBF3A11}"
EndProject
Global
	GlobalSection(SolutionConfigurationPlatforms) = preSolution
		Debug|Any CPU = Debug|Any CPU
		Release|Any CPU = Release|Any CPU
	EndGlobalSection
	GlobalSection(ProjectConfigurationPlatforms) = postSolution
		{5932C550-DAB7-466C-9C03-4601F59B3509}.Debug|Any CPU.ActiveCfg = Debug|Any CPU
		{5932C550-DAB7-466C-9C03-4601F59B3509}.Debug|Any CPU.Build.0 = Debug|Any CPU
		{5932C550-DAB7-466C-9C03-4601F59B3509}.Release|Any CPU.ActiveCfg = Release|Any CPU
		{5932C550-DAB7-466C-9C03-4601F59B3509}.Release|Any CPU.Build.0 = Release|Any CPU
		{67D47D9E-9002-4894-85F2-C7FCEDBF3A11}.Debug|Any CPU.ActiveCfg = Debug|Any CPU
		{67D47D9E-9002-4894-85F2-C7FCEDBF3A11}.Debug|Any CPU.Build.0 = Debug|Any CPU
		{67D47D9E-9002-4894-85F2-C7FCEDBF3A11}.Release|Any CPU.ActiveCfg = Release|Any CPU
		{67D47D9E-9002-4894-85F2-C7FCEDBF3A11}.Release|Any CPU.Build.0 = Release|Any CPU
	EndGlobalSection
	GlobalSection(SolutionProperties) = preSolution
		HideSolutionNode = FALSE
	EndGlobalSection
	GlobalSection(ExtensibilityGlobals) = postSolution
		SolutionGuid = {83463A06-FFAD-450F-AC51-CDFEF9B2021C}
	EndGlobalSection
EndGlobal
